version = 1
revision = 3
requires-python = ">=3.11"

[[package]]
name = "faker"
version = "40.15.0"
source = { registry = "https://pypi.org/simple" }
dependencies = [
    { name = "tzdata", marker = "sys_platform == 'win32'" },
]
sdist = { url = "https://files.pythonhosted.org/packages/7f/13/6741787bd91c4109c7bed047d68273965cd52ce8a5f773c471b949334b6d/faker-40.15.0.tar.gz", hash = "sha256:20f3a6ec8c266b74d4c554e34118b21c3c2056c0b4a519d15c8decb3a4e6e795", size = 1967447, upload-time = "2026-04-17T20:05:27.555Z" }
wheels = [
    { url = "https://files.pythonhosted.org/packages/a7/a7/a600f8f30d4505e89166de51dd121bd540ab8e560e8cf0901de00a81de8c/faker-40.15.0-py3-none-any.whl", hash = "sha256:71ab3c3370da9d2205ab74ffb0fd51273063ad562b3a3bb69d0026a20923e318", size = 2004447, upload-time = "2026-04-17T20:05:25.437Z" },
]

[[package]]
name = "py4j"
version = "0.10.9.9"
source = { registry = "https://pypi.org/simple" }
sdist = { url = "https://files.pythonhosted.org/packages/38/31/0b210511177070c8d5d3059556194352e5753602fa64b85b7ab81ec1a009/py4j-0.10.9.9.tar.gz", hash = "sha256:f694cad19efa5bd1dee4f3e5270eb406613c974394035e5bfc4ec1aba870b879", size = 761089, upload-time = "2025-01-15T03:53:18.624Z" }
wheels = [
    { url = "https://files.pythonhosted.org/packages/bd/db/ea0203e495be491c85af87b66e37acfd3bf756fd985f87e46fc5e3bf022c/py4j-0.10.9.9-py2.py3-none-any.whl", hash = "sha256:c7c26e4158defb37b0bb124933163641a2ff6e3a3913f7811b0ddbe07ed61533", size = 203008, upload-time = "2025-01-15T03:53:15.648Z" },
]

[[package]]
name = "pyspark"
version = "4.1.1"
source = { registry = "https://pypi.org/simple" }
dependencies = [
    { name = "py4j" },
]
sdist = { url = "https://files.pythonhosted.org/packages/19/bf/58ee13add151469c25825b7125bbf62c3bdcec05eec4d458fcb5c5516066/pyspark-4.1.1.tar.gz", hash = "sha256:77f78984aa84fbe865c717dd37b49913b4e5c97d76ef6824f932f1aefa6621ec", size = 455359625, upload-time = "2026-01-09T09:38:38.28Z" }

[[package]]
name = "python-datasource"
version = "0.1.0"
source = { editable = "." }
dependencies = [
    { name = "faker" },
]

[package.dev-dependencies]
dev = [
    { name = "pyspark" },
]

[package.metadata]
requires-dist = [{ name = "faker", specifier = ">=40.15.0" }]

[package.metadata.requires-dev]
dev = [{ name = "pyspark", specifier = ">=4.1.1" }]

[[package]]
name = "tzdata"
version = "2026.1"
source = { registry = "https://pypi.org/simple" }
sdist = { url = "https://files.pythonhosted.org/packages/19/f5/cd531b2d15a671a40c0f66cf06bc3570a12cd56eef98960068ebbad1bf5a/tzdata-2026.1.tar.gz", hash = "sha256:67658a1903c75917309e753fdc349ac0efd8c27db7a0cb406a25be4840f87f98", size = 197639, upload-time = "2026-04-03T11:25:22.002Z" }
wheels = [
    { url = "https://files.pythonhosted.org/packages/b0/70/d460bd685a170790ec89317e9bd33047988e4bce507b831f5db771e142de/tzdata-2026.1-py2.py3-none-any.whl", hash = "sha256:4b1d2be7ac37ceafd7327b961aa3a54e467efbdb563a23655fbfe0d39cfc42a9", size = 348952, upload-time = "2026-04-03T11:25:20.313Z" },
]
